// !$*UTF8*$!
{
	archiveVersion = 1;
	classes = {
	};
	objectVersion = 56;
	objects = {

/* Begin PBXBuildFile section */
		3A0617712AE9944F0090D73E /* FlipClockApp.swift in Sources */ = {isa = PBXBuildFile; fileRef = 3A0617702AE9944F0090D73E /* FlipClockApp.swift */; };
		3A0617732AE9944F0090D73E /* ContentView.swift in Sources */ = {isa = PBXBuildFile; fileRef = 3A0617722AE9944F0090D73E /* ContentView.swift */; };
		3A0617752AE994500090D73E /* Assets.xcassets in Resources */ = {isa = PBXBuildFile; fileRef = 3A0617742AE994500090D73E /* Assets.xcassets */; };
		3A0617782AE994500090D73E /* Preview Assets.xcassets in Resources */ = {isa = PBXBuildFile; fileRef = 3A0617772AE994500090D73E /* Preview Assets.xcassets */; };
		3A4BCAC02AED7A5600B0DE02 /* WidgetKit.framework in Frameworks */ = {isa = PBXBuildFile; fileRef = 3A4BCABF2AED7A5600B0DE02 /* WidgetKit.framework */; };
		3A4BCAC22AED7A5600B0DE02 /* SwiftUI.framework in Frameworks */ = {isa = PBXBuildFile; fileRef = 3A4BCAC12AED7A5600B0DE02 /* SwiftUI.framework */; };
		3A4BCAC52AED7A5600B0DE02 /* FlipClockWidgetBundle.swift in Sources */ = {isa = PBXBuildFile; fileRef = 3A4BCAC42AED7A5600B0DE02 /* FlipClockWidgetBundle.swift */; };
		3A4BCAC92AED7A5600B0DE02 /* SharedProvider.swift in Sources */ = {isa = PBXBuildFile; fileRef = 3A4BCAC82AED7A5600B0DE02 /* SharedProvider.swift */; };
		3A4BCACB2AED7A5600B0DE02 /* AppIntent.swift in Sources */ = {isa = PBXBuildFile; fileRef = 3A4BCACA2AED7A5600B0DE02 /* AppIntent.swift */; };
		3A4BCACD2AED7A5800B0DE02 /* Assets.xcassets in Resources */ = {isa = PBXBuildFile; fileRef = 3A4BCACC2AED7A5800B0DE02 /* Assets.xcassets */; };
		3A4BCAD12AED7A5800B0DE02 /* FlipClockWidgetExtension.appex in Embed Foundation Extensions */ = {isa = PBXBuildFile; fileRef = 3A4BCABD2AED7A5600B0DE02 /* FlipClockWidgetExtension.appex */; settings = {ATTRIBUTES = (RemoveHeadersOnCopy, ); }; };
		3A4BCADA2AED875800B0DE02 /* HoursWidget.swift in Sources */ = {isa = PBXBuildFile; fileRef = 3A4BCAD62AED82B400B0DE02 /* HoursWidget.swift */; };
		3A4BCADB2AED875B00B0DE02 /* MinutesWidget.swift in Sources */ = {isa = PBXBuildFile; fileRef = 3A4BCAD82AED82C900B0DE02 /* MinutesWidget.swift */; };
		3A4BCADE2AED95C000B0DE02 /* ClockElement.swift in Sources */ = {isa = PBXBuildFile; fileRef = 3A4BCADD2AED95C000B0DE02 /* ClockElement.swift */; };
		3A4BCADF2AED95C000B0DE02 /* ClockElement.swift in Sources */ = {isa = PBXBuildFile; fileRef = 3A4BCADD2AED95C000B0DE02 /* ClockElement.swift */; };
		3A4BCAE22AEDC99F00B0DE02 /* DualWidget.swift in Sources */ = {isa = PBXBuildFile; fileRef = 3A4BCAE12AEDC99F00B0DE02 /* DualWidget.swift */; };
		3AC366C62B003CB3001F1B59 /* ClockView.swift in Sources */ = {isa = PBXBuildFile; fileRef = 3AC366C52B003CB3001F1B59 /* ClockView.swift */; };
		3AC366C82B003D66001F1B59 /* SettingsView.swift in Sources */ = {isa = PBXBuildFile; fileRef = 3AC366C72B003D66001F1B59 /* SettingsView.swift */; };
/* End PBXBuildFile section */

/* Begin PBXContainerItemProxy section */
		3A4BCACF2AED7A5800B0DE02 /* PBXContainerItemProxy */ = {
			isa = PBXContainerItemProxy;
			containerPortal = 3A0617652AE9944F0090D73E /* Project object */;
			proxyType = 1;
			remoteGlobalIDString = 3A4BCABC2AED7A5600B0DE02;
			remoteInfo = FlipClockWidgetExtension;
		};
/* End PBXContainerItemProxy section */

/* Begin PBXCopyFilesBuildPhase section */
		3A4BCAD22AED7A5800B0DE02 /* Embed Foundation Extensions */ = {
			isa = PBXCopyFilesBuildPhase;
			buildActionMask = 2147483647;
			dstPath = "";
			dstSubfolderSpec = 13;
			files = (
				3A4BCAD12AED7A5800B0DE02 /* FlipClockWidgetExtension.appex in Embed Foundation Extensions */,
			);
			name = "Embed Foundation Extensions";
			runOnlyForDeploymentPostprocessing = 0;
		};
/* End PBXCopyFilesBuildPhase section */

/* Begin PBXFileReference section */
		3A06176D2AE9944F0090D73E /* FlipClock.app */ = {isa = PBXFileReference; explicitFileType = wrapper.application; includeInIndex = 0; path = FlipClock.app; sourceTree = BUILT_PRODUCTS_DIR; };
		3A0617702AE9944F0090D73E /* FlipClockApp.swift */ = {isa = PBXFileReference; lastKnownFileType = sourcecode.swift; path = FlipClockApp.swift; sourceTree = "<group>"; };
		3A0617722AE9944F0090D73E /* ContentView.swift */ = {isa = PBXFileReference; lastKnownFileType = sourcecode.swift; path = ContentView.swift; sourceTree = "<group>"; };
		3A0617742AE994500090D73E /* Assets.xcassets */ = {isa = PBXFileReference; lastKnownFileType = folder.assetcatalog; path = Assets.xcassets; sourceTree = "<group>"; };
		3A0617772AE994500090D73E /* Preview Assets.xcassets */ = {isa = PBXFileReference; lastKnownFileType = folder.assetcatalog; path = "Preview Assets.xcassets"; sourceTree = "<group>"; };
		3A4BCABD2AED7A5600B0DE02 /* FlipClockWidgetExtension.appex */ = {isa = PBXFileReference; explicitFileType = "wrapper.app-extension"; includeInIndex = 0; path = FlipClockWidgetExtension.appex; sourceTree = BUILT_PRODUCTS_DIR; };
		3A4BCABF2AED7A5600B0DE02 /* WidgetKit.framework */ = {isa = PBXFileReference; lastKnownFileType = wrapper.framework; name = WidgetKit.framework; path = System/Library/Frameworks/WidgetKit.framework; sourceTree = SDKROOT; };
		3A4BCAC12AED7A5600B0DE02 /* SwiftUI.framework */ = {isa = PBXFileReference; lastKnownFileType = wrapper.framework; name = SwiftUI.framework; path = System/Library/Frameworks/SwiftUI.framework; sourceTree = SDKROOT; };
		3A4BCAC42AED7A5600B0DE02 /* FlipClockWidgetBundle.swift */ = {isa = PBXFileReference; lastKnownFileType = sourcecode.swift; path = FlipClockWidgetBundle.swift; sourceTree = "<group>"; };
		3A4BCAC82AED7A5600B0DE02 /* SharedProvider.swift */ = {isa = PBXFileReference; lastKnownFileType = sourcecode.swift; path = SharedProvider.swift; sourceTree = "<group>"; };
		3A4BCACA2AED7A5600B0DE02 /* AppIntent.swift */ = {isa = PBXFileReference; lastKnownFileType = sourcecode.swift; path = AppIntent.swift; sourceTree = "<group>"; };
		3A4BCACC2AED7A5800B0DE02 /* Assets.xcassets */ = {isa = PBXFileReference; lastKnownFileType = folder.assetcatalog; path = Assets.xcassets; sourceTree = "<group>"; };
		3A4BCACE2AED7A5800B0DE02 /* Info.plist */ = {isa = PBXFileReference; lastKnownFileType = text.plist.xml; path = Info.plist; sourceTree = "<group>"; };
		3A4BCAD62AED82B400B0DE02 /* HoursWidget.swift */ = {isa = PBXFileReference; lastKnownFileType = sourcecode.swift; path = HoursWidget.swift; sourceTree = "<group>"; };
		3A4BCAD82AED82C900B0DE02 /* MinutesWidget.swift */ = {isa = PBXFileReference; lastKnownFileType = sourcecode.swift; path = MinutesWidget.swift; sourceTree = "<group>"; };
		3A4BCADD2AED95C000B0DE02 /* ClockElement.swift */ = {isa = PBXFileReference; lastKnownFileType = sourcecode.swift; path = ClockElement.swift; sourceTree = "<group>"; };
		3A4BCAE02AED97C200B0DE02 /* .gitignore */ = {isa = PBXFileReference; lastKnownFileType = text; path = .gitignore; sourceTree = "<group>"; };
		3A4BCAE12AEDC99F00B0DE02 /* DualWidget.swift */ = {isa = PBXFileReference; lastKnownFileType = sourcecode.swift; path = DualWidget.swift; sourceTree = "<group>"; };
		3AC366C52B003CB3001F1B59 /* ClockView.swift */ = {isa = PBXFileReference; lastKnownFileType = sourcecode.swift; path = ClockView.swift; sourceTree = "<group>"; };
		3AC366C72B003D66001F1B59 /* SettingsView.swift */ = {isa = PBXFileReference; lastKnownFileType = sourcecode.swift; path = SettingsView.swift; sourceTree = "<group>"; };
/* End PBXFileReference section */

/* Begin PBXFrameworksBuildPhase section */
		3A06176A2AE9944F0090D73E /* Frameworks */ = {
			isa = PBXFrameworksBuildPhase;
			buildActionMask = 2147483647;
			files = (
			);
			runOnlyForDeploymentPostprocessing = 0;
		};
		3A4BCABA2AED7A5600B0DE02 /* Frameworks */ = {
			isa = PBXFrameworksBuildPhase;
			buildActionMask = 2147483647;
			files = (
				3A4BCAC22AED7A5600B0DE02 /* SwiftUI.framework in Frameworks */,
				3A4BCAC02AED7A5600B0DE02 /* WidgetKit.framework in Frameworks */,
			);
			runOnlyForDeploymentPostprocessing = 0;
		};
/* End PBXFrameworksBuildPhase section */

/* Begin PBXGroup section */
		3A0617642AE9944F0090D73E = {
			isa = PBXGroup;
			children = (
				3A4BCAE02AED97C200B0DE02 /* .gitignore */,
				3A4BCADC2AED956000B0DE02 /* Shared */,
				3A06176F2AE9944F0090D73E /* FlipClock */,
				3A4BCAC32AED7A5600B0DE02 /* FlipClockWidget */,
				3A4BCABE2AED7A5600B0DE02 /* Frameworks */,
				3A06176E2AE9944F0090D73E /* Products */,
			);
			sourceTree = "<group>";
		};
		3A06176E2AE9944F0090D73E /* Products */ = {
			isa = PBXGroup;
			children = (
				3A06176D2AE9944F0090D73E /* FlipClock.app */,
				3A4BCABD2AED7A5600B0DE02 /* FlipClockWidgetExtension.appex */,
			);
			name = Products;
			sourceTree = "<group>";
		};
		3A06176F2AE9944F0090D73E /* FlipClock */ = {
			isa = PBXGroup;
			children = (
				3A0617702AE9944F0090D73E /* FlipClockApp.swift */,
				3A0617722AE9944F0090D73E /* ContentView.swift */,
				3AC366C52B003CB3001F1B59 /* ClockView.swift */,
				3AC366C72B003D66001F1B59 /* SettingsView.swift */,
				3A0617742AE994500090D73E /* Assets.xcassets */,
				3A0617762AE994500090D73E /* Preview Content */,
			);
			path = FlipClock;
			sourceTree = "<group>";
		};
		3A0617762AE994500090D73E /* Preview Content */ = {
			isa = PBXGroup;
			children = (
				3A0617772AE994500090D73E /* Preview Assets.xcassets */,
			);
			path = "Preview Content";
			sourceTree = "<group>";
		};
		3A4BCABE2AED7A5600B0DE02 /* Frameworks */ = {
			isa = PBXGroup;
			children = (
				3A4BCABF2AED7A5600B0DE02 /* WidgetKit.framework */,
				3A4BCAC12AED7A5600B0DE02 /* SwiftUI.framework */,
			);
			name = Frameworks;
			sourceTree = "<group>";
		};
		3A4BCAC32AED7A5600B0DE02 /* FlipClockWidget */ = {
			isa = PBXGroup;
			children = (
				3A4BCAC42AED7A5600B0DE02 /* FlipClockWidgetBundle.swift */,
				3A4BCAC82AED7A5600B0DE02 /* SharedProvider.swift */,
				3A4BCAD62AED82B400B0DE02 /* HoursWidget.swift */,
				3A4BCAE12AEDC99F00B0DE02 /* DualWidget.swift */,
				3A4BCAD82AED82C900B0DE02 /* MinutesWidget.swift */,
				3A4BCACA2AED7A5600B0DE02 /* AppIntent.swift */,
				3A4BCACC2AED7A5800B0DE02 /* Assets.xcassets */,
				3A4BCACE2AED7A5800B0DE02 /* Info.plist */,
			);
			path = FlipClockWidget;
			sourceTree = "<group>";
		};
		3A4BCADC2AED956000B0DE02 /* Shared */ = {
			isa = PBXGroup;
			children = (
				3A4BCADD2AED95C000B0DE02 /* ClockElement.swift */,
			);
			path = Shared;
			sourceTree = "<group>";
		};
/* End PBXGroup section */

/* Begin PBXNativeTarget section */
		3A06176C2AE9944F0090D73E /* FlipClock */ = {
			isa = PBXNativeTarget;
			buildConfigurationList = 3A06177B2AE994500090D73E /* Build configuration list for PBXNativeTarget "FlipClock" */;
			buildPhases = (
				3A0617692AE9944F0090D73E /* Sources */,
				3A06176A2AE9944F0090D73E /* Frameworks */,
				3A06176B2AE9944F0090D73E /* Resources */,
				3A4BCAD22AED7A5800B0DE02 /* Embed Foundation Extensions */,
			);
			buildRules = (
			);
			dependencies = (
				3A4BCAD02AED7A5800B0DE02 /* PBXTargetDependency */,
			);
			name = FlipClock;
			productName = FlipClock;
			productReference = 3A06176D2AE9944F0090D73E /* FlipClock.app */;
			productType = "com.apple.product-type.application";
		};
		3A4BCABC2AED7A5600B0DE02 /* FlipClockWidgetExtension */ = {
			isa = PBXNativeTarget;
			buildConfigurationList = 3A4BCAD52AED7A5800B0DE02 /* Build configuration list for PBXNativeTarget "FlipClockWidgetExtension" */;
			buildPhases = (
				3A4BCAB92AED7A5600B0DE02 /* Sources */,
				3A4BCABA2AED7A5600B0DE02 /* Frameworks */,
				3A4BCABB2AED7A5600B0DE02 /* Resources */,
			);
			buildRules = (
			);
			dependencies = (
			);
			name = FlipClockWidgetExtension;
			productName = FlipClockWidgetExtension;
			productReference = 3A4BCABD2AED7A5600B0DE02 /* FlipClockWidgetExtension.appex */;
			productType = "com.apple.product-type.app-extension";
		};
/* End PBXNativeTarget section */

/* Begin PBXProject section */
		3A0617652AE9944F0090D73E /* Project object */ = {
			isa = PBXProject;
			attributes = {
				BuildIndependentTargetsInParallel = 1;
				LastSwiftUpdateCheck = 1500;
				LastUpgradeCheck = 1500;
				TargetAttributes = {
					3A06176C2AE9944F0090D73E = {
						CreatedOnToolsVersion = 15.0;
					};
					3A4BCABC2AED7A5600B0DE02 = {
						CreatedOnToolsVersion = 15.0;
					};
				};
			};
			buildConfigurationList = 3A0617682AE9944F0090D73E /* Build configuration list for PBXProject "FlipClock" */;
			compatibilityVersion = "Xcode 14.0";
			developmentRegion = en;
			hasScannedForEncodings = 0;
			knownRegions = (
				en,
				Base,
			);
			mainGroup = 3A0617642AE9944F0090D73E;
			productRefGroup = 3A06176E2AE9944F0090D73E /* Products */;
			projectDirPath = "";
			projectRoot = "";
			targets = (
				3A06176C2AE9944F0090D73E /* FlipClock */,
				3A4BCABC2AED7A5600B0DE02 /* FlipClockWidgetExtension */,
			);
		};
/* End PBXProject section */

/* Begin PBXResourcesBuildPhase section */
		3A06176B2AE9944F0090D73E /* Resources */ = {
			isa = PBXResourcesBuildPhase;
			buildActionMask = 2147483647;
			files = (
				3A0617782AE994500090D73E /* Preview Assets.xcassets in Resources */,
				3A0617752AE994500090D73E /* Assets.xcassets in Resources */,
			);
			runOnlyForDeploymentPostprocessing = 0;
		};
		3A4BCABB2AED7A5600B0DE02 /* Resources */ = {
			isa = PBXResourcesBuildPhase;
			buildActionMask = 2147483647;
			files = (
				3A4BCACD2AED7A5800B0DE02 /* Assets.xcassets in Resources */,
			);
			runOnlyForDeploymentPostprocessing = 0;
		};
/* End PBXResourcesBuildPhase section */

/* Begin PBXSourcesBuildPhase section */
		3A0617692AE9944F0090D73E /* Sources */ = {
			isa = PBXSourcesBuildPhase;
			buildActionMask = 2147483647;
			files = (
				3AC366C82B003D66001F1B59 /* SettingsView.swift in Sources */,
				3A4BCADE2AED95C000B0DE02 /* ClockElement.swift in Sources */,
				3AC366C62B003CB3001F1B59 /* ClockView.swift in Sources */,
				3A0617732AE9944F0090D73E /* ContentView.swift in Sources */,
				3A0617712AE9944F0090D73E /* FlipClockApp.swift in Sources */,
			);
			runOnlyForDeploymentPostprocessing = 0;
		};
		3A4BCAB92AED7A5600B0DE02 /* Sources */ = {
			isa = PBXSourcesBuildPhase;
			buildActionMask = 2147483647;
			files = (
				3A4BCADB2AED875B00B0DE02 /* MinutesWidget.swift in Sources */,
				3A4BCACB2AED7A5600B0DE02 /* AppIntent.swift in Sources */,
				3A4BCADA2AED875800B0DE02 /* HoursWidget.swift in Sources */,
				3A4BCADF2AED95C000B0DE02 /* ClockElement.swift in Sources */,
				3A4BCAE22AEDC99F00B0DE02 /* DualWidget.swift in Sources */,
				3A4BCAC52AED7A5600B0DE02 /* FlipClockWidgetBundle.swift in Sources */,
				3A4BCAC92AED7A5600B0DE02 /* SharedProvider.swift in Sources */,
			);
			runOnlyForDeploymentPostprocessing = 0;
		};
/* End PBXSourcesBuildPhase section */

/* Begin PBXTargetDependency section */
		3A4BCAD02AED7A5800B0DE02 /* PBXTargetDependency */ = {
			isa = PBXTargetDependency;
			target = 3A4BCABC2AED7A5600B0DE02 /* FlipClockWidgetExtension */;
			targetProxy = 3A4BCACF2AED7A5800B0DE02 /* PBXContainerItemProxy */;
		};
/* End PBXTargetDependency section */

/* Begin XCBuildConfiguration section */
		3A0617792AE994500090D73E /* Debug */ = {
			isa = XCBuildConfiguration;
			buildSettings = {
				ALWAYS_SEARCH_USER_PATHS = NO;
				ASSETCATALOG_COMPILER_GENERATE_SWIFT_ASSET_SYMBOL_EXTENSIONS = YES;
				CLANG_ANALYZER_NONNULL = YES;
				CLANG_ANALYZER_NUMBER_OBJECT_CONVERSION = YES_AGGRESSIVE;
				CLANG_CXX_LANGUAGE_STANDARD = "gnu++20";
				CLANG_ENABLE_MODULES = YES;
				CLANG_ENABLE_OBJC_ARC = YES;
				CLANG_ENABLE_OBJC_WEAK = YES;
				CLANG_WARN_BLOCK_CAPTURE_AUTORELEASING = YES;
				CLANG_WARN_BOOL_CONVERSION = YES;
				CLANG_WARN_COMMA = YES;
				CLANG_WARN_CONSTANT_CONVERSION = YES;
				CLANG_WARN_DEPRECATED_OBJC_IMPLEMENTATIONS = YES;
				CLANG_WARN_DIRECT_OBJC_ISA_USAGE = YES_ERROR;
				CLANG_WARN_DOCUMENTATION_COMMENTS = YES;
				CLANG_WARN_EMPTY_BODY = YES;
				CLANG_WARN_ENUM_CONVERSION = YES;
				CLANG_WARN_INFINITE_RECURSION = YES;
				CLANG_WARN_INT_CONVERSION = YES;
				CLANG_WARN_NON_LITERAL_NULL_CONVERSION = YES;
				CLANG_WARN_OBJC_IMPLICIT_RETAIN_SELF = YES;
				CLANG_WARN_OBJC_LITERAL_CONVERSION = YES;
				CLANG_WARN_OBJC_ROOT_CLASS = YES_ERROR;
				CLANG_WARN_QUOTED_INCLUDE_IN_FRAMEWORK_HEADER = YES;
				CLANG_WARN_RANGE_LOOP_ANALYSIS = YES;
				CLANG_WARN_STRICT_PROTOTYPES = YES;
				CLANG_WARN_SUSPICIOUS_MOVE = YES;
				CLANG_WARN_UNGUARDED_AVAILABILITY = YES_AGGRESSIVE;
				CLANG_WARN_UNREACHABLE_CODE = YES;
				CLANG_WARN__DUPLICATE_METHOD_MATCH = YES;
				COPY_PHASE_STRIP = NO;
				DEBUG_INFORMATION_FORMAT = dwarf;
				ENABLE_STRICT_OBJC_MSGSEND = YES;
				ENABLE_TESTABILITY = YES;
				ENABLE_USER_SCRIPT_SANDBOXING = YES;
				GCC_C_LANGUAGE_STANDARD = gnu17;
				GCC_DYNAMIC_NO_PIC = NO;
				GCC_NO_COMMON_BLOCKS = YES;
				GCC_OPTIMIZATION_LEVEL = 0;
				GCC_PREPROCESSOR_DEFINITIONS = (
					"DEBUG=1",
					"$(inherited)",
				);
				GCC_WARN_64_TO_32_BIT_CONVERSION = YES;
				GCC_WARN_ABOUT_RETURN_TYPE = YES_ERROR;
				GCC_WARN_UNDECLARED_SELECTOR = YES;
				GCC_WARN_UNINITIALIZED_AUTOS = YES_AGGRESSIVE;
				GCC_WARN_UNUSED_FUNCTION = YES;
				GCC_WARN_UNUSED_VARIABLE = YES;
				IPHONEOS_DEPLOYMENT_TARGET = 17.0;
				LOCALIZATION_PREFERS_STRING_CATALOGS = YES;
				MTL_ENABLE_DEBUG_INFO = INCLUDE_SOURCE;
				MTL_FAST_MATH = YES;
				ONLY_ACTIVE_ARCH = YES;
				SDKROOT = iphoneos;
				SWIFT_ACTIVE_COMPILATION_CONDITIONS = "DEBUG $(inherited)";
				SWIFT_OPTIMIZATION_LEVEL = "-Onone";
			};
			name = Debug;
		};
		3A06177A2AE994500090D73E /* Release */ = {
			isa = XCBuildConfiguration;
			buildSettings = {
				ALWAYS_SEARCH_USER_PATHS = NO;
				ASSETCATALOG_COMPILER_GENERATE_SWIFT_ASSET_SYMBOL_EXTENSIONS = YES;
				CLANG_ANALYZER_NONNULL = YES;
				CLANG_ANALYZER_NUMBER_OBJECT_CONVERSION = YES_AGGRESSIVE;
				CLANG_CXX_LANGUAGE_STANDARD = "gnu++20";
				CLANG_ENABLE_MODULES = YES;
				CLANG_ENABLE_OBJC_ARC = YES;
				CLANG_ENABLE_OBJC_WEAK = YES;
				CLANG_WARN_BLOCK_CAPTURE_AUTORELEASING = YES;
				CLANG_WARN_BOOL_CONVERSION = YES;
				CLANG_WARN_COMMA = YES;
				CLANG_WARN_CONSTANT_CONVERSION = YES;
				CLANG_WARN_DEPRECATED_OBJC_IMPLEMENTATIONS = YES;
				CLANG_WARN_DIRECT_OBJC_ISA_USAGE = YES_ERROR;
				CLANG_WARN_DOCUMENTATION_COMMENTS = YES;
				CLANG_WARN_EMPTY_BODY = YES;
				CLANG_WARN_ENUM_CONVERSION = YES;
				CLANG_WARN_INFINITE_RECURSION = YES;
				CLANG_WARN_INT_CONVERSION = YES;
				CLANG_WARN_NON_LITERAL_NULL_CONVERSION = YES;
				CLANG_WARN_OBJC_IMPLICIT_RETAIN_SELF = YES;
				CLANG_WARN_OBJC_LITERAL_CONVERSION = YES;
				CLANG_WARN_OBJC_ROOT_CLASS = YES_ERROR;
				CLANG_WARN_QUOTED_INCLUDE_IN_FRAMEWORK_HEADER = YES;
				CLANG_WARN_RANGE_LOOP_ANALYSIS = YES;
				CLANG_WARN_STRICT_PROTOTYPES = YES;
				CLANG_WARN_SUSPICIOUS_MOVE = YES;
				CLANG_WARN_UNGUARDED_AVAILABILITY = YES_AGGRESSIVE;
				CLANG_WARN_UNREACHABLE_CODE = YES;
				CLANG_WARN__DUPLICATE_METHOD_MATCH = YES;
				COPY_PHASE_STRIP = NO;
				DEBUG_INFORMATION_FORMAT = "dwarf-with-dsym";
				ENABLE_NS_ASSERTIONS = NO;
				ENABLE_STRICT_OBJC_MSGSEND = YES;
				ENABLE_USER_SCRIPT_SANDBOXING = YES;
				GCC_C_LANGUAGE_STANDARD = gnu17;
				GCC_NO_COMMON_BLOCKS = YES;
				GCC_WARN_64_TO_32_BIT_CONVERSION = YES;
				GCC_WARN_ABOUT_RETURN_TYPE = YES_ERROR;
				GCC_WARN_UNDECLARED_SELECTOR = YES;
				GCC_WARN_UNINITIALIZED_AUTOS = YES_AGGRESSIVE;
				GCC_WARN_UNUSED_FUNCTION = YES;
				GCC_WARN_UNUSED_VARIABLE = YES;
				IPHONEOS_DEPLOYMENT_TARGET = 17.0;
				LOCALIZATION_PREFERS_STRING_CATALOGS = YES;
				MTL_ENABLE_DEBUG_INFO = NO;
				MTL_FAST_MATH = YES;
				SDKROOT = iphoneos;
				SWIFT_COMPILATION_MODE = wholemodule;
				VALIDATE_PRODUCT = YES;
			};
			name = Release;
		};
		3A06177C2AE994500090D73E /* Debug */ = {
			isa = XCBuildConfiguration;
			buildSettings = {
				ALWAYS_EMBED_SWIFT_STANDARD_LIBRARIES = YES;
				ASSETCATALOG_COMPILER_APPICON_NAME = AppIcon;
				ASSETCATALOG_COMPILER_GLOBAL_ACCENT_COLOR_NAME = AccentColor;
				CODE_SIGN_STYLE = Automatic;
				CURRENT_PROJECT_VERSION = 1;
				DEVELOPMENT_ASSET_PATHS = "\"FlipClock/Preview Content\"";
				DEVELOPMENT_TEAM = KR9D699PKJ;
				ENABLE_PREVIEWS = YES;
				GENERATE_INFOPLIST_FILE = YES;
				INFOPLIST_KEY_LSApplicationCategoryType = "public.app-category.utilities";
				INFOPLIST_KEY_UIApplicationSceneManifest_Generation = YES;
				INFOPLIST_KEY_UIApplicationSupportsIndirectInputEvents = YES;
				INFOPLIST_KEY_UILaunchScreen_Generation = YES;
				INFOPLIST_KEY_UISupportedInterfaceOrientations_iPad = "UIInterfaceOrientationPortrait UIInterfaceOrientationPortraitUpsideDown UIInterfaceOrientationLandscapeLeft UIInterfaceOrientationLandscapeRight";
				INFOPLIST_KEY_UISupportedInterfaceOrientations_iPhone = "UIInterfaceOrientationPortrait UIInterfaceOrientationLandscapeLeft UIInterfaceOrientationLandscapeRight";
				LD_RUNPATH_SEARCH_PATHS = (
					"$(inherited)",
					"@executable_path/Frameworks",
				);
				MARKETING_VERSION = 1.0;
				PRODUCT_BUNDLE_IDENTIFIER = com.justyn.FlipClock;
				PRODUCT_NAME = "$(TARGET_NAME)";
				SUPPORTED_PLATFORMS = "iphoneos iphonesimulator macosx";
				SUPPORTS_MACCATALYST = NO;
				SUPPORTS_MAC_DESIGNED_FOR_IPHONE_IPAD = NO;
				SWIFT_EMIT_LOC_STRINGS = YES;
				SWIFT_VERSION = 5.0;
				TARGETED_DEVICE_FAMILY = "1,2";
			};
			name = Debug;
		};
		3A06177D2AE994500090D73E /* Release */ = {
			isa = XCBuildConfiguration;
			buildSettings = {
				ALWAYS_EMBED_SWIFT_STANDARD_LIBRARIES = YES;
				ASSETCATALOG_COMPILER_APPICON_NAME = AppIcon;
				ASSETCATALOG_COMPILER_GLOBAL_ACCENT_COLOR_NAME = AccentColor;
				CODE_SIGN_STYLE = Automatic;
				CURRENT_PROJECT_VERSION = 1;
				DEVELOPMENT_ASSET_PATHS = "\"FlipClock/Preview Content\"";
				DEVELOPMENT_TEAM = KR9D699PKJ;
				ENABLE_PREVIEWS = YES;
				GENERATE_INFOPLIST_FILE = YES;
				INFOPLIST_KEY_LSApplicationCategoryType = "public.app-category.utilities";
				INFOPLIST_KEY_UIApplicationSceneManifest_Generation = YES;
				INFOPLIST_KEY_UIApplicationSupportsIndirectInputEvents = YES;
				INFOPLIST_KEY_UILaunchScreen_Generation = YES;
				INFOPLIST_KEY_UISupportedInterfaceOrientations_iPad = "UIInterfaceOrientationPortrait UIInterfaceOrientationPortraitUpsideDown UIInterfaceOrientationLandscapeLeft UIInterfaceOrientationLandscapeRight";
				INFOPLIST_KEY_UISupportedInterfaceOrientations_iPhone = "UIInterfaceOrientationPortrait UIInterfaceOrientationLandscapeLeft UIInterfaceOrientationLandscapeRight";
				LD_RUNPATH_SEARCH_PATHS = (
					"$(inherited)",
					"@executable_path/Frameworks",
				);
				MARKETING_VERSION = 1.0;
				PRODUCT_BUNDLE_IDENTIFIER = com.justyn.FlipClock;
				PRODUCT_NAME = "$(TARGET_NAME)";
				SUPPORTED_PLATFORMS = "iphoneos iphonesimulator macosx";
				SUPPORTS_MACCATALYST = NO;
				SUPPORTS_MAC_DESIGNED_FOR_IPHONE_IPAD = NO;
				SWIFT_EMIT_LOC_STRINGS = YES;
				SWIFT_VERSION = 5.0;
				TARGETED_DEVICE_FAMILY = "1,2";
			};
			name = Release;
		};
		3A4BCAD32AED7A5800B0DE02 /* Debug */ = {
			isa = XCBuildConfiguration;
			buildSettings = {
				ASSETCATALOG_COMPILER_GLOBAL_ACCENT_COLOR_NAME = AccentColor;
				ASSETCATALOG_COMPILER_WIDGET_BACKGROUND_COLOR_NAME = WidgetBackground;
				CODE_SIGN_STYLE = Automatic;
				CURRENT_PROJECT_VERSION = 1;
				DEVELOPMENT_TEAM = KR9D699PKJ;
				GENERATE_INFOPLIST_FILE = YES;
				INFOPLIST_FILE = FlipClockWidget/Info.plist;
				INFOPLIST_KEY_CFBundleDisplayName = FlipClockWidget;
				INFOPLIST_KEY_NSHumanReadableCopyright = "";
				LD_RUNPATH_SEARCH_PATHS = (
					"$(inherited)",
					"@executable_path/Frameworks",
					"@executable_path/../../Frameworks",
				);
				MARKETING_VERSION = 1.0;
				PRODUCT_BUNDLE_IDENTIFIER = com.justyn.FlipClock.FlipClockWidget;
				PRODUCT_NAME = "$(TARGET_NAME)";
				SKIP_INSTALL = YES;
				SUPPORTED_PLATFORMS = "iphoneos iphonesimulator macosx";
				SUPPORTS_MACCATALYST = NO;
				SUPPORTS_MAC_DESIGNED_FOR_IPHONE_IPAD = NO;
				SWIFT_EMIT_LOC_STRINGS = YES;
				SWIFT_VERSION = 5.0;
				TARGETED_DEVICE_FAMILY = "1,2";
			};
			name = Debug;
		};
		3A4BCAD42AED7A5800B0DE02 /* Release */ = {
			isa = XCBuildConfiguration;
			buildSettings = {
				ASSETCATALOG_COMPILER_GLOBAL_ACCENT_COLOR_NAME = AccentColor;
				ASSETCATALOG_COMPILER_WIDGET_BACKGROUND_COLOR_NAME = WidgetBackground;
				CODE_SIGN_STYLE = Automatic;
				CURRENT_PROJECT_VERSION = 1;
				DEVELOPMENT_TEAM = KR9D699PKJ;
				GENERATE_INFOPLIST_FILE = YES;
				INFOPLIST_FILE = FlipClockWidget/Info.plist;
				INFOPLIST_KEY_CFBundleDisplayName = FlipClockWidget;
				INFOPLIST_KEY_NSHumanReadableCopyright = "";
				LD_RUNPATH_SEARCH_PATHS = (
					"$(inherited)",
					"@executable_path/Frameworks",
					"@executable_path/../../Frameworks",
				);
				MARKETING_VERSION = 1.0;
				PRODUCT_BUNDLE_IDENTIFIER = com.justyn.FlipClock.FlipClockWidget;
				PRODUCT_NAME = "$(TARGET_NAME)";
				SKIP_INSTALL = YES;
				SUPPORTED_PLATFORMS = "iphoneos iphonesimulator macosx";
				SUPPORTS_MACCATALYST = NO;
				SUPPORTS_MAC_DESIGNED_FOR_IPHONE_IPAD = NO;
				SWIFT_EMIT_LOC_STRINGS = YES;
				SWIFT_VERSION = 5.0;
				TARGETED_DEVICE_FAMILY = "1,2";
			};
			name = Release;
		};
/* End XCBuildConfiguration section */

/* Begin XCConfigurationList section */
		3A0617682AE9944F0090D73E /* Build configuration list for PBXProject "FlipClock" */ = {
			isa = XCConfigurationList;
			buildConfigurations = (
				3A0617792AE994500090D73E /* Debug */,
				3A06177A2AE994500090D73E /* Release */,
			);
			defaultConfigurationIsVisible = 0;
			defaultConfigurationName = Release;
		};
		3A06177B2AE994500090D73E /* Build configuration list for PBXNativeTarget "FlipClock" */ = {
			isa = XCConfigurationList;
			buildConfigurations = (
				3A06177C2AE994500090D73E /* Debug */,
				3A06177D2AE994500090D73E /* Release */,
			);
			defaultConfigurationIsVisible = 0;
			defaultConfigurationName = Release;
		};
		3A4BCAD52AED7A5800B0DE02 /* Build configuration list for PBXNativeTarget "FlipClockWidgetExtension" */ = {
			isa = XCConfigurationList;
			buildConfigurations = (
				3A4BCAD32AED7A5800B0DE02 /* Debug */,
				3A4BCAD42AED7A5800B0DE02 /* Release */,
			);
			defaultConfigurationIsVisible = 0;
			defaultConfigurationName = Release;
		};
/* End XCConfigurationList section */
	};
	rootObject = 3A0617652AE9944F0090D73E /* Project object */;
}
